
Microsoft Visual Studio Solution File, Format Version 12.00
# Visual Studio 15
VisualStudioVersion = 15.0.28307.168
MinimumVisualStudioVersion = 10.0.40219.1
Project("{9A19103F-16F7-4668-BE54-9A1E7A4F7556}") = "App", "CloudeonTriangleCalculator\App.csproj", "{DE49F041-E8E8-4B30-9463-AAE426F77886}"
EndProject
Project("{9A19103F-16F7-4668-BE54-9A1E7A4F7556}") = "Domain", "Domain\Domain.csproj", "{ABFF1FF9-A895-47DC-80C8-4699C0370A24}"
EndProject
Project("{9A19103F-16F7-4668-BE54-9A1E7A4F7556}") = "Domain.Test", "Domain.Tests\Domain.Test.csproj", "{5A1030D7-3095-4299-A287-C7456D278F16}"
EndProject
Project("{9A19103F-16F7-4668-BE54-9A1E7A4F7556}") = "AzureCalculator", "AzureCalculator\AzureCalculator.csproj", "{9A3296FA-6A46-48D8-A7E7-79FF38EBC1B3}"
EndProject
Project("{FAE04EC0-301F-11D3-BF4B-00C04F79EFBC}") = "AzureCalculator.Test", "AzureCalculator.Test\AzureCalculator.Test.csproj", "{C4537523-B345-4FBA-A82A-B801DABCDFFB}"
EndProject
Project("{FAE04EC0-301F-11D3-BF4B-00C04F79EFBC}") = "TestHelpers", "TestHelpers\TestHelpers.csproj", "{875C87E0-79E5-480F-BD45-30072373AE87}"
EndProject
Global
	GlobalSection(SolutionConfigurationPlatforms) = preSolution
		Debug|Any CPU = Debug|Any CPU
		Release|Any CPU = Release|Any CPU
	EndGlobalSection
	GlobalSection(ProjectConfigurationPlatforms) = postSolution
		{DE49F041-E8E8-4B30-9463-AAE426F77886}.Debug|Any CPU.ActiveCfg = Debug|Any CPU
		{DE49F041-E8E8-4B30-9463-AAE426F77886}.Debug|Any CPU.Build.0 = Debug|Any CPU
		{DE49F041-E8E8-4B30-9463-AAE426F77886}.Release|Any CPU.ActiveCfg = Release|Any CPU
		{DE49F041-E8E8-4B30-9463-AAE426F77886}.Release|Any CPU.Build.0 = Release|Any CPU
		{ABFF1FF9-A895-47DC-80C8-4699C0370A24}.Debug|Any CPU.ActiveCfg = Debug|Any CPU
		{ABFF1FF9-A895-47DC-80C8-4699C0370A24}.Debug|Any CPU.Build.0 = Debug|Any CPU
		{ABFF1FF9-A895-47DC-80C8-4699C0370A24}.Release|Any CPU.ActiveCfg = Release|Any CPU
		{ABFF1FF9-A895-47DC-80C8-4699C0370A24}.Release|Any CPU.Build.0 = Release|Any CPU
		{5A1030D7-3095-4299-A287-C7456D278F16}.Debug|Any CPU.ActiveCfg = Debug|Any CPU
		{5A1030D7-3095-4299-A287-C7456D278F16}.Debug|Any CPU.Build.0 = Debug|Any CPU
		{5A1030D7-3095-4299-A287-C7456D278F16}.Release|Any CPU.ActiveCfg = Release|Any CPU
		{5A1030D7-3095-4299-A287-C7456D278F16}.Release|Any CPU.Build.0 = Release|Any CPU
		{9A3296FA-6A46-48D8-A7E7-79FF38EBC1B3}.Debug|Any CPU.ActiveCfg = Debug|Any CPU
		{9A3296FA-6A46-48D8-A7E7-79FF38EBC1B3}.Debug|Any CPU.Build.0 = Debug|Any CPU
		{9A3296FA-6A46-48D8-A7E7-79FF38EBC1B3}.Release|Any CPU.ActiveCfg = Release|Any CPU
		{9A3296FA-6A46-48D8-A7E7-79FF38EBC1B3}.Release|Any CPU.Build.0 = Release|Any CPU
		{C4537523-B345-4FBA-A82A-B801DABCDFFB}.Debug|Any CPU.ActiveCfg = Debug|Any CPU
		{C4537523-B345-4FBA-A82A-B801DABCDFFB}.Debug|Any CPU.Build.0 = Debug|Any CPU
		{C4537523-B345-4FBA-A82A-B801DABCDFFB}.Release|Any CPU.ActiveCfg = Release|Any CPU
		{C4537523-B345-4FBA-A82A-B801DABCDFFB}.Release|Any CPU.Build.0 = Release|Any CPU
		{875C87E0-79E5-480F-BD45-30072373AE87}.Debug|Any CPU.ActiveCfg = Debug|Any CPU
		{875C87E0-79E5-480F-BD45-30072373AE87}.Debug|Any CPU.Build.0 = Debug|Any CPU
		{875C87E0-79E5-480F-BD45-30072373AE87}.Release|Any CPU.ActiveCfg = Release|Any CPU
		{875C87E0-79E5-480F-BD45-30072373AE87}.Release|Any CPU.Build.0 = Release|Any CPU
	EndGlobalSection
	GlobalSection(SolutionProperties) = preSolution
		HideSolutionNode = FALSE
	EndGlobalSection
	GlobalSection(ExtensibilityGlobals) = postSolution
		SolutionGuid = {FC5A57FF-DB4D-4227-AF2F-A3FEBBA875F3}
	EndGlobalSection
EndGlobal
